
Microsoft Visual Studio Solution File, Format Version 12.00
Project("{2150E333-8FDC-42A3-9474-1A3956D46DE8}") = "tests", "tests", "{EDCDFAC7-67DD-4DC1-A252-44696796BDB5}"
EndProject
Project("{FAE04EC0-301F-11D3-BF4B-00C04F79EFBC}") = "IntegrationTests", "tests\IntegrationTests\IntegrationTests.csproj", "{3260F541-1E97-4765-85AF-7E688E8DF876}"
EndProject
Global
	GlobalSection(SolutionConfigurationPlatforms) = preSolution
		Debug|Any CPU = Debug|Any CPU
		Release|Any CPU = Release|Any CPU
	EndGlobalSection
	GlobalSection(NestedProjects) = preSolution
		{3260F541-1E97-4765-85AF-7E688E8DF876} = {EDCDFAC7-67DD-4DC1-A252-44696796BDB5}
	EndGlobalSection
	GlobalSection(ProjectConfigurationPlatforms) = postSolution
		{3260F541-1E97-4765-85AF-7E688E8DF876}.Debug|Any CPU.ActiveCfg = Debug|Any CPU
		{3260F541-1E97-4765-85AF-7E688E8DF876}.Debug|Any CPU.Build.0 = Debug|Any CPU
		{3260F541-1E97-4765-85AF-7E688E8DF876}.Release|Any CPU.ActiveCfg = Release|Any CPU
		{3260F541-1E97-4765-85AF-7E688E8DF876}.Release|Any CPU.Build.0 = Release|Any CPU
	EndGlobalSection
EndGlobal
